
Microsoft Visual Studio Solution File, Format Version 12.00
# Visual Studio Version 16
VisualStudioVersion = 16.0.30330.147
MinimumVisualStudioVersion = 10.0.40219.1
Project("{FAE04EC0-301F-11D3-BF4B-00C04F79EFBC}") = "BankAccount", "BankAccount\BankAccount.csproj", "{BC2DEA47-31CA-4BE1-92B4-E25E78B8D4B8}"
EndProject
Project("{FAE04EC0-301F-11D3-BF4B-00C04F79EFBC}") = "BankAccountTests", "BankAccountTests\BankAccountTests.csproj", "{7F7D8C4A-701C-4E00-B3BD-7732E48EEFB6}"
EndProject
Global
	GlobalSection(SolutionConfigurationPlatforms) = preSolution
		Debug|Any CPU = Debug|Any CPU
		Release|Any CPU = Release|Any CPU
	EndGlobalSection
	GlobalSection(ProjectConfigurationPlatforms) = postSolution
		{BC2DEA47-31CA-4BE1-92B4-E25E78B8D4B8}.Debug|Any CPU.ActiveCfg = Debug|Any CPU
		{BC2DEA47-31CA-4BE1-92B4-E25E78B8D4B8}.Debug|Any CPU.Build.0 = Debug|Any CPU
		{BC2DEA47-31CA-4BE1-92B4-E25E78B8D4B8}.Release|Any CPU.ActiveCfg = Release|Any CPU
		{BC2DEA47-31CA-4BE1-92B4-E25E78B8D4B8}.Release|Any CPU.Build.0 = Release|Any CPU
		{7F7D8C4A-701C-4E00-B3BD-7732E48EEFB6}.Debug|Any CPU.ActiveCfg = Debug|Any CPU
		{7F7D8C4A-701C-4E00-B3BD-7732E48EEFB6}.Debug|Any CPU.Build.0 = Debug|Any CPU
		{7F7D8C4A-701C-4E00-B3BD-7732E48EEFB6}.Release|Any CPU.ActiveCfg = Release|Any CPU
		{7F7D8C4A-701C-4E00-B3BD-7732E48EEFB6}.Release|Any CPU.Build.0 = Release|Any CPU
	EndGlobalSection
	GlobalSection(SolutionProperties) = preSolution
		HideSolutionNode = FALSE
	EndGlobalSection
	GlobalSection(ExtensibilityGlobals) = postSolution
		SolutionGuid = {DED336C3-A8F3-4BA5-84B5-00F0F0A7AC8F}
	EndGlobalSection
EndGlobal
